
Microsoft Visual Studio Solution File, Format Version 12.00
# Visual Studio Version 17
VisualStudioVersion = 17.0.31903.59
MinimumVisualStudioVersion = 10.0.40219.1
Project("{9A19103F-16F7-4668-BE54-9A1E7A4F7556}") = "Wpm.Management.Api", "Wpm.Management.Api\Wpm.Management.Api.csproj", "{3FA050DF-BF92-40EE-A6F7-986CD1A1ECAF}"
EndProject
Project("{9A19103F-16F7-4668-BE54-9A1E7A4F7556}") = "Wpm.Management.Domain", "Wpm.Management.Domain\Wpm.Management.Domain.csproj", "{18B7E822-F053-4112-BA42-20A841B41354}"
EndProject
Project("{9A19103F-16F7-4668-BE54-9A1E7A4F7556}") = "Wpm.Management.Domain.Tests", "Wpm.Management.Domain.Tests\Wpm.Management.Domain.Tests.csproj", "{3B58776F-2484-4C77-A673-EBCABFEFEFAE}"
EndProject
Project("{9A19103F-16F7-4668-BE54-9A1E7A4F7556}") = "Wpm.Clinic.Api", "Wpm.Clinic.Api\Wpm.Clinic.Api.csproj", "{5BEC1878-8587-485C-A252-04053727F6BF}"
EndProject
Project("{9A19103F-16F7-4668-BE54-9A1E7A4F7556}") = "Wpm.Clinic.Domain", "Wpm.Clinic.Domain\Wpm.Clinic.Domain.csproj", "{D04ED9A7-25C8-4A23-A3B6-882E42E82D3A}"
EndProject
Project("{9A19103F-16F7-4668-BE54-9A1E7A4F7556}") = "Wpm.Clinic.Domain.Tests", "Wpm.Clinic.Domain.Tests\Wpm.Clinic.Domain.Tests.csproj", "{13A0DDE7-B378-488B-9198-EC9D03F70A84}"
EndProject
Project("{FAE04EC0-301F-11D3-BF4B-00C04F79EFBC}") = "Wpm.SharedKernel", "Wpm.SharedKernel\Wpm.SharedKernel.csproj", "{2C3AB7B7-EB4C-4ACA-BC34-153A613CB543}"
EndProject
Global
	GlobalSection(SolutionConfigurationPlatforms) = preSolution
		Debug|Any CPU = Debug|Any CPU
		Release|Any CPU = Release|Any CPU
	EndGlobalSection
	GlobalSection(ProjectConfigurationPlatforms) = postSolution
		{3FA050DF-BF92-40EE-A6F7-986CD1A1ECAF}.Debug|Any CPU.ActiveCfg = Debug|Any CPU
		{3FA050DF-BF92-40EE-A6F7-986CD1A1ECAF}.Debug|Any CPU.Build.0 = Debug|Any CPU
		{3FA050DF-BF92-40EE-A6F7-986CD1A1ECAF}.Release|Any CPU.ActiveCfg = Release|Any CPU
		{3FA050DF-BF92-40EE-A6F7-986CD1A1ECAF}.Release|Any CPU.Build.0 = Release|Any CPU
		{18B7E822-F053-4112-BA42-20A841B41354}.Debug|Any CPU.ActiveCfg = Debug|Any CPU
		{18B7E822-F053-4112-BA42-20A841B41354}.Debug|Any CPU.Build.0 = Debug|Any CPU
		{18B7E822-F053-4112-BA42-20A841B41354}.Release|Any CPU.ActiveCfg = Release|Any CPU
		{18B7E822-F053-4112-BA42-20A841B41354}.Release|Any CPU.Build.0 = Release|Any CPU
		{3B58776F-2484-4C77-A673-EBCABFEFEFAE}.Debug|Any CPU.ActiveCfg = Debug|Any CPU
		{3B58776F-2484-4C77-A673-EBCABFEFEFAE}.Debug|Any CPU.Build.0 = Debug|Any CPU
		{3B58776F-2484-4C77-A673-EBCABFEFEFAE}.Release|Any CPU.ActiveCfg = Release|Any CPU
		{3B58776F-2484-4C77-A673-EBCABFEFEFAE}.Release|Any CPU.Build.0 = Release|Any CPU
		{5BEC1878-8587-485C-A252-04053727F6BF}.Debug|Any CPU.ActiveCfg = Debug|Any CPU
		{5BEC1878-8587-485C-A252-04053727F6BF}.Debug|Any CPU.Build.0 = Debug|Any CPU
		{5BEC1878-8587-485C-A252-04053727F6BF}.Release|Any CPU.ActiveCfg = Release|Any CPU
		{5BEC1878-8587-485C-A252-04053727F6BF}.Release|Any CPU.Build.0 = Release|Any CPU
		{D04ED9A7-25C8-4A23-A3B6-882E42E82D3A}.Debug|Any CPU.ActiveCfg = Debug|Any CPU
		{D04ED9A7-25C8-4A23-A3B6-882E42E82D3A}.Debug|Any CPU.Build.0 = Debug|Any CPU
		{D04ED9A7-25C8-4A23-A3B6-882E42E82D3A}.Release|Any CPU.ActiveCfg = Release|Any CPU
		{D04ED9A7-25C8-4A23-A3B6-882E42E82D3A}.Release|Any CPU.Build.0 = Release|Any CPU
		{13A0DDE7-B378-488B-9198-EC9D03F70A84}.Debug|Any CPU.ActiveCfg = Debug|Any CPU
		{13A0DDE7-B378-488B-9198-EC9D03F70A84}.Debug|Any CPU.Build.0 = Debug|Any CPU
		{13A0DDE7-B378-488B-9198-EC9D03F70A84}.Release|Any CPU.ActiveCfg = Release|Any CPU
		{13A0DDE7-B378-488B-9198-EC9D03F70A84}.Release|Any CPU.Build.0 = Release|Any CPU
		{2C3AB7B7-EB4C-4ACA-BC34-153A613CB543}.Debug|Any CPU.ActiveCfg = Debug|Any CPU
		{2C3AB7B7-EB4C-4ACA-BC34-153A613CB543}.Debug|Any CPU.Build.0 = Debug|Any CPU
		{2C3AB7B7-EB4C-4ACA-BC34-153A613CB543}.Release|Any CPU.ActiveCfg = Release|Any CPU
		{2C3AB7B7-EB4C-4ACA-BC34-153A613CB543}.Release|Any CPU.Build.0 = Release|Any CPU
	EndGlobalSection
	GlobalSection(SolutionProperties) = preSolution
		HideSolutionNode = FALSE
	EndGlobalSection
	GlobalSection(ExtensibilityGlobals) = postSolution
		SolutionGuid = {3D0A633A-9111-493D-BE2C-6B84F8682CE5}
	EndGlobalSection
EndGlobal
